
Microsoft Visual Studio Solution File, Format Version 12.00
# Visual Studio Version 17
VisualStudioVersion = 17.14.36414.22 d17.14
MinimumVisualStudioVersion = 10.0.40219.1
Project("{2150E333-8FDC-42A3-9474-1A3956D46DE8}") = "Task0", "Task0", "{02EA681E-C7D8-13C7-8484-4AC65E1B71E8}"
EndProject
Project("{FAE04EC0-301F-11D3-BF4B-00C04F79EFBC}") = "Tyuiu.GaberkornEL.Sprint5.Task0.V10", "Tyuiu.GaberkornEL.Sprint5.Task0.V10\Tyuiu.GaberkornEL.Sprint5.Task0.V10.csproj", "{86EACBD8-8671-4DC1-9F14-F31757A2CECC}"
EndProject
Project("{FAE04EC0-301F-11D3-BF4B-00C04F79EFBC}") = "Tyuiu.GaberkornEL.Sprint5.Task0.V10.Lib", "Tyuiu.GaberkornEL.Sprint5.Task0.V10.Lib\Tyuiu.GaberkornEL.Sprint5.Task0.V10.Lib.csproj", "{9E893E72-D081-47CD-B42C-8D70E202F66F}"
EndProject
Project("{FAE04EC0-301F-11D3-BF4B-00C04F79EFBC}") = "Tyuiu.GaberkornEL.Sprint5.Task0.V10.Test", "Tyuiu.GaberkornEL.Sprint5.Task0.V10.Test\Tyuiu.GaberkornEL.Sprint5.Task0.V10.Test.csproj", "{C098BC67-330A-4EB1-B883-4D120A66AFA2}"
EndProject
Project("{2150E333-8FDC-42A3-9474-1A3956D46DE8}") = "Task1", "Task1", "{1812E754-256F-4CAF-8097-02281FEC450D}"
EndProject
Project("{2150E333-8FDC-42A3-9474-1A3956D46DE8}") = "Task2", "Task2", "{8BA210E2-1D32-46DB-B0D4-389F91CE8F77}"
EndProject
Project("{2150E333-8FDC-42A3-9474-1A3956D46DE8}") = "Task3", "Task3", "{B9035C6F-5B82-44AA-B468-D3DE1F9A87E8}"
EndProject
Project("{2150E333-8FDC-42A3-9474-1A3956D46DE8}") = "Task4", "Task4", "{82E457CC-4F1D-4D7D-984E-B1283AEDF564}"
EndProject
Project("{2150E333-8FDC-42A3-9474-1A3956D46DE8}") = "Task5", "Task5", "{B9E5A6B8-5777-407C-B6E1-B3D8B0C945F3}"
EndProject
Project("{2150E333-8FDC-42A3-9474-1A3956D46DE8}") = "Task6", "Task6", "{DF7F17E4-9EF0-4C62-B3EB-0D68A766A4F8}"
EndProject
Project("{2150E333-8FDC-42A3-9474-1A3956D46DE8}") = "Task7", "Task7", "{59930AED-6771-4329-9E0B-A281289B3CE9}"
EndProject
Project("{FAE04EC0-301F-11D3-BF4B-00C04F79EFBC}") = "Tyuiu.GaberkornEL.Sprint5.Task1.V30", "Tyuiu.GaberkornEL.Sprint5.Task1.V30\Tyuiu.GaberkornEL.Sprint5.Task1.V30.csproj", "{F092C05D-4743-446D-8356-983921B8B04B}"
EndProject
Project("{FAE04EC0-301F-11D3-BF4B-00C04F79EFBC}") = "Tyuiu.GaberkornEL.Sprint5.Task1.V30.Lib", "Tyuiu.GaberkornEL.Sprint5.Task1.V30.Lib\Tyuiu.GaberkornEL.Sprint5.Task1.V30.Lib.csproj", "{2FB7C0C7-9DD2-4376-8DD2-826F0BFAFD69}"
EndProject
Project("{FAE04EC0-301F-11D3-BF4B-00C04F79EFBC}") = "Tyuiu.GaberkornEL.Sprint5.Task1.V30.Test", "Tyuiu.GaberkornEL.Sprint5.Task1.V30.Test\Tyuiu.GaberkornEL.Sprint5.Task1.V30.Test.csproj", "{95768286-6722-4D50-A23C-2CB6CF132C62}"
EndProject
Project("{FAE04EC0-301F-11D3-BF4B-00C04F79EFBC}") = "Tyuiu.GaberkornEL.Sprint5.Task2.V7", "Tyuiu.GaberkornEL.Sprint5.Task2.V7\Tyuiu.GaberkornEL.Sprint5.Task2.V7.csproj", "{66711979-AD9B-42CF-9EE6-9B0BE3B624CA}"
EndProject
Project("{FAE04EC0-301F-11D3-BF4B-00C04F79EFBC}") = "Tyuiu.GaberkornEL.Sprint5.Task2.V7.Lib", "Tyuiu.GaberkornEL.Sprint5.Task2.V7.Lib\Tyuiu.GaberkornEL.Sprint5.Task2.V7.Lib.csproj", "{56926AA0-5A00-44CE-9BFB-F9F0F2B79CEC}"
EndProject
Project("{FAE04EC0-301F-11D3-BF4B-00C04F79EFBC}") = "Tyuiu.GaberkornEL.Sprint5.Task2.V7.Test", "Tyuiu.GaberkornEL.Sprint5.Task2.V7.Test\Tyuiu.GaberkornEL.Sprint5.Task2.V7.Test.csproj", "{6A3C1D6D-D71D-481B-AD02-3E45DD62B5CE}"
EndProject
Global
	GlobalSection(SolutionConfigurationPlatforms) = preSolution
		Debug|Any CPU = Debug|Any CPU
		Release|Any CPU = Release|Any CPU
	EndGlobalSection
	GlobalSection(ProjectConfigurationPlatforms) = postSolution
		{86EACBD8-8671-4DC1-9F14-F31757A2CECC}.Debug|Any CPU.ActiveCfg = Debug|Any CPU
		{86EACBD8-8671-4DC1-9F14-F31757A2CECC}.Debug|Any CPU.Build.0 = Debug|Any CPU
		{86EACBD8-8671-4DC1-9F14-F31757A2CECC}.Release|Any CPU.ActiveCfg = Release|Any CPU
		{86EACBD8-8671-4DC1-9F14-F31757A2CECC}.Release|Any CPU.Build.0 = Release|Any CPU
		{9E893E72-D081-47CD-B42C-8D70E202F66F}.Debug|Any CPU.ActiveCfg = Debug|Any CPU
		{9E893E72-D081-47CD-B42C-8D70E202F66F}.Debug|Any CPU.Build.0 = Debug|Any CPU
		{9E893E72-D081-47CD-B42C-8D70E202F66F}.Release|Any CPU.ActiveCfg = Release|Any CPU
		{9E893E72-D081-47CD-B42C-8D70E202F66F}.Release|Any CPU.Build.0 = Release|Any CPU
		{C098BC67-330A-4EB1-B883-4D120A66AFA2}.Debug|Any CPU.ActiveCfg = Debug|Any CPU
		{C098BC67-330A-4EB1-B883-4D120A66AFA2}.Debug|Any CPU.Build.0 = Debug|Any CPU
		{C098BC67-330A-4EB1-B883-4D120A66AFA2}.Release|Any CPU.ActiveCfg = Release|Any CPU
		{C098BC67-330A-4EB1-B883-4D120A66AFA2}.Release|Any CPU.Build.0 = Release|Any CPU
		{F092C05D-4743-446D-8356-983921B8B04B}.Debug|Any CPU.ActiveCfg = Debug|Any CPU
		{F092C05D-4743-446D-8356-983921B8B04B}.Debug|Any CPU.Build.0 = Debug|Any CPU
		{F092C05D-4743-446D-8356-983921B8B04B}.Release|Any CPU.ActiveCfg = Release|Any CPU
		{F092C05D-4743-446D-8356-983921B8B04B}.Release|Any CPU.Build.0 = Release|Any CPU
		{2FB7C0C7-9DD2-4376-8DD2-826F0BFAFD69}.Debug|Any CPU.ActiveCfg = Debug|Any CPU
		{2FB7C0C7-9DD2-4376-8DD2-826F0BFAFD69}.Debug|Any CPU.Build.0 = Debug|Any CPU
		{2FB7C0C7-9DD2-4376-8DD2-826F0BFAFD69}.Release|Any CPU.ActiveCfg = Release|Any CPU
		{2FB7C0C7-9DD2-4376-8DD2-826F0BFAFD69}.Release|Any CPU.Build.0 = Release|Any CPU
		{95768286-6722-4D50-A23C-2CB6CF132C62}.Debug|Any CPU.ActiveCfg = Debug|Any CPU
		{95768286-6722-4D50-A23C-2CB6CF132C62}.Debug|Any CPU.Build.0 = Debug|Any CPU
		{95768286-6722-4D50-A23C-2CB6CF132C62}.Release|Any CPU.ActiveCfg = Release|Any CPU
		{95768286-6722-4D50-A23C-2CB6CF132C62}.Release|Any CPU.Build.0 = Release|Any CPU
		{66711979-AD9B-42CF-9EE6-9B0BE3B624CA}.Debug|Any CPU.ActiveCfg = Debug|Any CPU
		{66711979-AD9B-42CF-9EE6-9B0BE3B624CA}.Debug|Any CPU.Build.0 = Debug|Any CPU
		{66711979-AD9B-42CF-9EE6-9B0BE3B624CA}.Release|Any CPU.ActiveCfg = Release|Any CPU
		{66711979-AD9B-42CF-9EE6-9B0BE3B624CA}.Release|Any CPU.Build.0 = Release|Any CPU
		{56926AA0-5A00-44CE-9BFB-F9F0F2B79CEC}.Debug|Any CPU.ActiveCfg = Debug|Any CPU
		{56926AA0-5A00-44CE-9BFB-F9F0F2B79CEC}.Debug|Any CPU.Build.0 = Debug|Any CPU
		{56926AA0-5A00-44CE-9BFB-F9F0F2B79CEC}.Release|Any CPU.ActiveCfg = Release|Any CPU
		{56926AA0-5A00-44CE-9BFB-F9F0F2B79CEC}.Release|Any CPU.Build.0 = Release|Any CPU
		{6A3C1D6D-D71D-481B-AD02-3E45DD62B5CE}.Debug|Any CPU.ActiveCfg = Debug|Any CPU
		{6A3C1D6D-D71D-481B-AD02-3E45DD62B5CE}.Debug|Any CPU.Build.0 = Debug|Any CPU
		{6A3C1D6D-D71D-481B-AD02-3E45DD62B5CE}.Release|Any CPU.ActiveCfg = Release|Any CPU
		{6A3C1D6D-D71D-481B-AD02-3E45DD62B5CE}.Release|Any CPU.Build.0 = Release|Any CPU
	EndGlobalSection
	GlobalSection(SolutionProperties) = preSolution
		HideSolutionNode = FALSE
	EndGlobalSection
	GlobalSection(NestedProjects) = preSolution
		{86EACBD8-8671-4DC1-9F14-F31757A2CECC} = {02EA681E-C7D8-13C7-8484-4AC65E1B71E8}
		{9E893E72-D081-47CD-B42C-8D70E202F66F} = {02EA681E-C7D8-13C7-8484-4AC65E1B71E8}
		{C098BC67-330A-4EB1-B883-4D120A66AFA2} = {02EA681E-C7D8-13C7-8484-4AC65E1B71E8}
		{F092C05D-4743-446D-8356-983921B8B04B} = {1812E754-256F-4CAF-8097-02281FEC450D}
		{2FB7C0C7-9DD2-4376-8DD2-826F0BFAFD69} = {1812E754-256F-4CAF-8097-02281FEC450D}
		{95768286-6722-4D50-A23C-2CB6CF132C62} = {1812E754-256F-4CAF-8097-02281FEC450D}
		{66711979-AD9B-42CF-9EE6-9B0BE3B624CA} = {8BA210E2-1D32-46DB-B0D4-389F91CE8F77}
		{56926AA0-5A00-44CE-9BFB-F9F0F2B79CEC} = {8BA210E2-1D32-46DB-B0D4-389F91CE8F77}
		{6A3C1D6D-D71D-481B-AD02-3E45DD62B5CE} = {8BA210E2-1D32-46DB-B0D4-389F91CE8F77}
	EndGlobalSection
	GlobalSection(ExtensibilityGlobals) = postSolution
		SolutionGuid = {96323E42-A21F-4F37-B968-96CA5FB99C0F}
	EndGlobalSection
EndGlobal
